
Microsoft Visual Studio Solution File, Format Version 12.00
# Visual Studio Version 17
VisualStudioVersion = 17.0.31903.59
MinimumVisualStudioVersion = 10.0.40219.1
Project("{2150E333-8FDC-42A3-9474-1A3956D46DE8}") = "src", "src", "{0FDB86E0-DD99-4C2C-AE2C-0159F6966E79}"
EndProject
Project("{FAE04EC0-301F-11D3-BF4B-00C04F79EFBC}") = "Acroball.Domain", "src\Acroball.Domain\Acroball.Domain.csproj", "{0B5F15CA-F67E-4DB1-98E6-25AE95260A40}"
EndProject
Project("{FAE04EC0-301F-11D3-BF4B-00C04F79EFBC}") = "Acroball.Application", "src\Acroball.Application\Acroball.Application.csproj", "{587B9E37-41F9-4491-9949-C116D069718D}"
EndProject
Project("{FAE04EC0-301F-11D3-BF4B-00C04F79EFBC}") = "Acroball.Sdk", "src\Acroball.Sdk\Acroball.Sdk.csproj", "{FCD575A4-F031-4735-9468-54DC3B7CCD84}"
EndProject
Project("{FAE04EC0-301F-11D3-BF4B-00C04F79EFBC}") = "Acroball.Infrastructure", "src\Acroball.Infrastructure\Acroball.Infrastructure.csproj", "{3E918533-1D2A-456A-A3EA-F18D39E3B72C}"
EndProject
Project("{FAE04EC0-301F-11D3-BF4B-00C04F79EFBC}") = "Acroball.UI", "src\Acroball.UI\Acroball.UI.csproj", "{B10E6211-39C0-49AC-951A-C619B61EF522}"
EndProject
Project("{FAE04EC0-301F-11D3-BF4B-00C04F79EFBC}") = "Acroball.Desktop", "src\Acroball.Desktop\Acroball.Desktop.csproj", "{9CEE802F-8DCB-49FD-8402-A04DD04F8627}"
EndProject
Project("{2150E333-8FDC-42A3-9474-1A3956D46DE8}") = "tests", "tests", "{7A4DC3E0-53B7-48EE-86D7-00A53AA45F69}"
EndProject
Project("{FAE04EC0-301F-11D3-BF4B-00C04F79EFBC}") = "Acroball.Domain.Tests", "tests\Acroball.Domain.Tests\Acroball.Domain.Tests.csproj", "{8437F3CE-32E7-4894-8DBE-2681DD401A48}"
EndProject
Project("{FAE04EC0-301F-11D3-BF4B-00C04F79EFBC}") = "Acroball.Infrastructure.Tests", "tests\Acroball.Infrastructure.Tests\Acroball.Infrastructure.Tests.csproj", "{3EB410D8-C36C-443A-BAB9-09253BE369BF}"
EndProject
Project("{FAE04EC0-301F-11D3-BF4B-00C04F79EFBC}") = "Acroball.Application.Tests", "tests\Acroball.Application.Tests\Acroball.Application.Tests.csproj", "{DFCB8453-569E-416A-BB7A-6B49CBB3012A}"
EndProject
Project("{FAE04EC0-301F-11D3-BF4B-00C04F79EFBC}") = "Acroball.UI.Tests", "tests\Acroball.UI.Tests\Acroball.UI.Tests.csproj", "{D9EE17D2-7DB9-40FD-B6B5-29D999912F47}"
EndProject
Global
	GlobalSection(SolutionConfigurationPlatforms) = preSolution
		Debug|Any CPU = Debug|Any CPU
		Debug|x64 = Debug|x64
		Debug|x86 = Debug|x86
		Release|Any CPU = Release|Any CPU
		Release|x64 = Release|x64
		Release|x86 = Release|x86
	EndGlobalSection
	GlobalSection(ProjectConfigurationPlatforms) = postSolution
		{0B5F15CA-F67E-4DB1-98E6-25AE95260A40}.Debug|Any CPU.ActiveCfg = Debug|Any CPU
		{0B5F15CA-F67E-4DB1-98E6-25AE95260A40}.Debug|Any CPU.Build.0 = Debug|Any CPU
		{0B5F15CA-F67E-4DB1-98E6-25AE95260A40}.Debug|x64.ActiveCfg = Debug|Any CPU
		{0B5F15CA-F67E-4DB1-98E6-25AE95260A40}.Debug|x64.Build.0 = Debug|Any CPU
		{0B5F15CA-F67E-4DB1-98E6-25AE95260A40}.Debug|x86.ActiveCfg = Debug|Any CPU
		{0B5F15CA-F67E-4DB1-98E6-25AE95260A40}.Debug|x86.Build.0 = Debug|Any CPU
		{0B5F15CA-F67E-4DB1-98E6-25AE95260A40}.Release|Any CPU.ActiveCfg = Release|Any CPU
		{0B5F15CA-F67E-4DB1-98E6-25AE95260A40}.Release|Any CPU.Build.0 = Release|Any CPU
		{0B5F15CA-F67E-4DB1-98E6-25AE95260A40}.Release|x64.ActiveCfg = Release|Any CPU
		{0B5F15CA-F67E-4DB1-98E6-25AE95260A40}.Release|x64.Build.0 = Release|Any CPU
		{0B5F15CA-F67E-4DB1-98E6-25AE95260A40}.Release|x86.ActiveCfg = Release|Any CPU
		{0B5F15CA-F67E-4DB1-98E6-25AE95260A40}.Release|x86.Build.0 = Release|Any CPU
		{587B9E37-41F9-4491-9949-C116D069718D}.Debug|Any CPU.ActiveCfg = Debug|Any CPU
		{587B9E37-41F9-4491-9949-C116D069718D}.Debug|Any CPU.Build.0 = Debug|Any CPU
		{587B9E37-41F9-4491-9949-C116D069718D}.Debug|x64.ActiveCfg = Debug|Any CPU
		{587B9E37-41F9-4491-9949-C116D069718D}.Debug|x64.Build.0 = Debug|Any CPU
		{587B9E37-41F9-4491-9949-C116D069718D}.Debug|x86.ActiveCfg = Debug|Any CPU
		{587B9E37-41F9-4491-9949-C116D069718D}.Debug|x86.Build.0 = Debug|Any CPU
		{587B9E37-41F9-4491-9949-C116D069718D}.Release|Any CPU.ActiveCfg = Release|Any CPU
		{587B9E37-41F9-4491-9949-C116D069718D}.Release|Any CPU.Build.0 = Release|Any CPU
		{587B9E37-41F9-4491-9949-C116D069718D}.Release|x64.ActiveCfg = Release|Any CPU
		{587B9E37-41F9-4491-9949-C116D069718D}.Release|x64.Build.0 = Release|Any CPU
		{587B9E37-41F9-4491-9949-C116D069718D}.Release|x86.ActiveCfg = Release|Any CPU
		{587B9E37-41F9-4491-9949-C116D069718D}.Release|x86.Build.0 = Release|Any CPU
		{FCD575A4-F031-4735-9468-54DC3B7CCD84}.Debug|Any CPU.ActiveCfg = Debug|Any CPU
		{FCD575A4-F031-4735-9468-54DC3B7CCD84}.Debug|Any CPU.Build.0 = Debug|Any CPU
		{FCD575A4-F031-4735-9468-54DC3B7CCD84}.Debug|x64.ActiveCfg = Debug|Any CPU
		{FCD575A4-F031-4735-9468-54DC3B7CCD84}.Debug|x64.Build.0 = Debug|Any CPU
		{FCD575A4-F031-4735-9468-54DC3B7CCD84}.Debug|x86.ActiveCfg = Debug|Any CPU
		{FCD575A4-F031-4735-9468-54DC3B7CCD84}.Debug|x86.Build.0 = Debug|Any CPU
		{FCD575A4-F031-4735-9468-54DC3B7CCD84}.Release|Any CPU.ActiveCfg = Release|Any CPU
		{FCD575A4-F031-4735-9468-54DC3B7CCD84}.Release|Any CPU.Build.0 = Release|Any CPU
		{FCD575A4-F031-4735-9468-54DC3B7CCD84}.Release|x64.ActiveCfg = Release|Any CPU
		{FCD575A4-F031-4735-9468-54DC3B7CCD84}.Release|x64.Build.0 = Release|Any CPU
		{FCD575A4-F031-4735-9468-54DC3B7CCD84}.Release|x86.ActiveCfg = Release|Any CPU
		{FCD575A4-F031-4735-9468-54DC3B7CCD84}.Release|x86.Build.0 = Release|Any CPU
		{3E918533-1D2A-456A-A3EA-F18D39E3B72C}.Debug|Any CPU.ActiveCfg = Debug|Any CPU
		{3E918533-1D2A-456A-A3EA-F18D39E3B72C}.Debug|Any CPU.Build.0 = Debug|Any CPU
		{3E918533-1D2A-456A-A3EA-F18D39E3B72C}.Debug|x64.ActiveCfg = Debug|Any CPU
		{3E918533-1D2A-456A-A3EA-F18D39E3B72C}.Debug|x64.Build.0 = Debug|Any CPU
		{3E918533-1D2A-456A-A3EA-F18D39E3B72C}.Debug|x86.ActiveCfg = Debug|Any CPU
		{3E918533-1D2A-456A-A3EA-F18D39E3B72C}.Debug|x86.Build.0 = Debug|Any CPU
		{3E918533-1D2A-456A-A3EA-F18D39E3B72C}.Release|Any CPU.ActiveCfg = Release|Any CPU
		{3E918533-1D2A-456A-A3EA-F18D39E3B72C}.Release|Any CPU.Build.0 = Release|Any CPU
		{3E918533-1D2A-456A-A3EA-F18D39E3B72C}.Release|x64.ActiveCfg = Release|Any CPU
		{3E918533-1D2A-456A-A3EA-F18D39E3B72C}.Release|x64.Build.0 = Release|Any CPU
		{3E918533-1D2A-456A-A3EA-F18D39E3B72C}.Release|x86.ActiveCfg = Release|Any CPU
		{3E918533-1D2A-456A-A3EA-F18D39E3B72C}.Release|x86.Build.0 = Release|Any CPU
		{B10E6211-39C0-49AC-951A-C619B61EF522}.Debug|Any CPU.ActiveCfg = Debug|Any CPU
		{B10E6211-39C0-49AC-951A-C619B61EF522}.Debug|Any CPU.Build.0 = Debug|Any CPU
		{B10E6211-39C0-49AC-951A-C619B61EF522}.Debug|x64.ActiveCfg = Debug|Any CPU
		{B10E6211-39C0-49AC-951A-C619B61EF522}.Debug|x64.Build.0 = Debug|Any CPU
		{B10E6211-39C0-49AC-951A-C619B61EF522}.Debug|x86.ActiveCfg = Debug|Any CPU
		{B10E6211-39C0-49AC-951A-C619B61EF522}.Debug|x86.Build.0 = Debug|Any CPU
		{B10E6211-39C0-49AC-951A-C619B61EF522}.Release|Any CPU.ActiveCfg = Release|Any CPU
		{B10E6211-39C0-49AC-951A-C619B61EF522}.Release|Any CPU.Build.0 = Release|Any CPU
		{B10E6211-39C0-49AC-951A-C619B61EF522}.Release|x64.ActiveCfg = Release|Any CPU
		{B10E6211-39C0-49AC-951A-C619B61EF522}.Release|x64.Build.0 = Release|Any CPU
		{B10E6211-39C0-49AC-951A-C619B61EF522}.Release|x86.ActiveCfg = Release|Any CPU
		{B10E6211-39C0-49AC-951A-C619B61EF522}.Release|x86.Build.0 = Release|Any CPU
		{9CEE802F-8DCB-49FD-8402-A04DD04F8627}.Debug|Any CPU.ActiveCfg = Debug|Any CPU
		{9CEE802F-8DCB-49FD-8402-A04DD04F8627}.Debug|Any CPU.Build.0 = Debug|Any CPU
		{9CEE802F-8DCB-49FD-8402-A04DD04F8627}.Debug|x64.ActiveCfg = Debug|Any CPU
		{9CEE802F-8DCB-49FD-8402-A04DD04F8627}.Debug|x64.Build.0 = Debug|Any CPU
		{9CEE802F-8DCB-49FD-8402-A04DD04F8627}.Debug|x86.ActiveCfg = Debug|Any CPU
		{9CEE802F-8DCB-49FD-8402-A04DD04F8627}.Debug|x86.Build.0 = Debug|Any CPU
		{9CEE802F-8DCB-49FD-8402-A04DD04F8627}.Release|Any CPU.ActiveCfg = Release|Any CPU
		{9CEE802F-8DCB-49FD-8402-A04DD04F8627}.Release|Any CPU.Build.0 = Release|Any CPU
		{9CEE802F-8DCB-49FD-8402-A04DD04F8627}.Release|x64.ActiveCfg = Release|Any CPU
		{9CEE802F-8DCB-49FD-8402-A04DD04F8627}.Release|x64.Build.0 = Release|Any CPU
		{9CEE802F-8DCB-49FD-8402-A04DD04F8627}.Release|x86.ActiveCfg = Release|Any CPU
		{9CEE802F-8DCB-49FD-8402-A04DD04F8627}.Release|x86.Build.0 = Release|Any CPU
		{8437F3CE-32E7-4894-8DBE-2681DD401A48}.Debug|Any CPU.ActiveCfg = Debug|Any CPU
		{8437F3CE-32E7-4894-8DBE-2681DD401A48}.Debug|Any CPU.Build.0 = Debug|Any CPU
		{8437F3CE-32E7-4894-8DBE-2681DD401A48}.Debug|x64.ActiveCfg = Debug|Any CPU
		{8437F3CE-32E7-4894-8DBE-2681DD401A48}.Debug|x64.Build.0 = Debug|Any CPU
		{8437F3CE-32E7-4894-8DBE-2681DD401A48}.Debug|x86.ActiveCfg = Debug|Any CPU
		{8437F3CE-32E7-4894-8DBE-2681DD401A48}.Debug|x86.Build.0 = Debug|Any CPU
		{8437F3CE-32E7-4894-8DBE-2681DD401A48}.Release|Any CPU.ActiveCfg = Release|Any CPU
		{8437F3CE-32E7-4894-8DBE-2681DD401A48}.Release|Any CPU.Build.0 = Release|Any CPU
		{8437F3CE-32E7-4894-8DBE-2681DD401A48}.Release|x64.ActiveCfg = Release|Any CPU
		{8437F3CE-32E7-4894-8DBE-2681DD401A48}.Release|x64.Build.0 = Release|Any CPU
		{8437F3CE-32E7-4894-8DBE-2681DD401A48}.Release|x86.ActiveCfg = Release|Any CPU
		{8437F3CE-32E7-4894-8DBE-2681DD401A48}.Release|x86.Build.0 = Release|Any CPU
		{3EB410D8-C36C-443A-BAB9-09253BE369BF}.Debug|Any CPU.ActiveCfg = Debug|Any CPU
		{3EB410D8-C36C-443A-BAB9-09253BE369BF}.Debug|Any CPU.Build.0 = Debug|Any CPU
		{3EB410D8-C36C-443A-BAB9-09253BE369BF}.Debug|x64.ActiveCfg = Debug|Any CPU
		{3EB410D8-C36C-443A-BAB9-09253BE369BF}.Debug|x64.Build.0 = Debug|Any CPU
		{3EB410D8-C36C-443A-BAB9-09253BE369BF}.Debug|x86.ActiveCfg = Debug|Any CPU
		{3EB410D8-C36C-443A-BAB9-09253BE369BF}.Debug|x86.Build.0 = Debug|Any CPU
		{3EB410D8-C36C-443A-BAB9-09253BE369BF}.Release|Any CPU.ActiveCfg = Release|Any CPU
		{3EB410D8-C36C-443A-BAB9-09253BE369BF}.Release|Any CPU.Build.0 = Release|Any CPU
		{3EB410D8-C36C-443A-BAB9-09253BE369BF}.Release|x64.ActiveCfg = Release|Any CPU
		{3EB410D8-C36C-443A-BAB9-09253BE369BF}.Release|x64.Build.0 = Release|Any CPU
		{3EB410D8-C36C-443A-BAB9-09253BE369BF}.Release|x86.ActiveCfg = Release|Any CPU
		{3EB410D8-C36C-443A-BAB9-09253BE369BF}.Release|x86.Build.0 = Release|Any CPU
		{DFCB8453-569E-416A-BB7A-6B49CBB3012A}.Debug|Any CPU.ActiveCfg = Debug|Any CPU
		{DFCB8453-569E-416A-BB7A-6B49CBB3012A}.Debug|Any CPU.Build.0 = Debug|Any CPU
		{DFCB8453-569E-416A-BB7A-6B49CBB3012A}.Debug|x64.ActiveCfg = Debug|Any CPU
		{DFCB8453-569E-416A-BB7A-6B49CBB3012A}.Debug|x64.Build.0 = Debug|Any CPU
		{DFCB8453-569E-416A-BB7A-6B49CBB3012A}.Debug|x86.ActiveCfg = Debug|Any CPU
		{DFCB8453-569E-416A-BB7A-6B49CBB3012A}.Debug|x86.Build.0 = Debug|Any CPU
		{DFCB8453-569E-416A-BB7A-6B49CBB3012A}.Release|Any CPU.ActiveCfg = Release|Any CPU
		{DFCB8453-569E-416A-BB7A-6B49CBB3012A}.Release|Any CPU.Build.0 = Release|Any CPU
		{DFCB8453-569E-416A-BB7A-6B49CBB3012A}.Release|x64.ActiveCfg = Release|Any CPU
		{DFCB8453-569E-416A-BB7A-6B49CBB3012A}.Release|x64.Build.0 = Release|Any CPU
		{DFCB8453-569E-416A-BB7A-6B49CBB3012A}.Release|x86.ActiveCfg = Release|Any CPU
		{DFCB8453-569E-416A-BB7A-6B49CBB3012A}.Release|x86.Build.0 = Release|Any CPU
		{D9EE17D2-7DB9-40FD-B6B5-29D999912F47}.Debug|Any CPU.ActiveCfg = Debug|Any CPU
		{D9EE17D2-7DB9-40FD-B6B5-29D999912F47}.Debug|Any CPU.Build.0 = Debug|Any CPU
		{D9EE17D2-7DB9-40FD-B6B5-29D999912F47}.Debug|x64.ActiveCfg = Debug|Any CPU
		{D9EE17D2-7DB9-40FD-B6B5-29D999912F47}.Debug|x64.Build.0 = Debug|Any CPU
		{D9EE17D2-7DB9-40FD-B6B5-29D999912F47}.Debug|x86.ActiveCfg = Debug|Any CPU
		{D9EE17D2-7DB9-40FD-B6B5-29D999912F47}.Debug|x86.Build.0 = Debug|Any CPU
		{D9EE17D2-7DB9-40FD-B6B5-29D999912F47}.Release|Any CPU.ActiveCfg = Release|Any CPU
		{D9EE17D2-7DB9-40FD-B6B5-29D999912F47}.Release|Any CPU.Build.0 = Release|Any CPU
		{D9EE17D2-7DB9-40FD-B6B5-29D999912F47}.Release|x64.ActiveCfg = Release|Any CPU
		{D9EE17D2-7DB9-40FD-B6B5-29D999912F47}.Release|x64.Build.0 = Release|Any CPU
		{D9EE17D2-7DB9-40FD-B6B5-29D999912F47}.Release|x86.ActiveCfg = Release|Any CPU
		{D9EE17D2-7DB9-40FD-B6B5-29D999912F47}.Release|x86.Build.0 = Release|Any CPU
	EndGlobalSection
	GlobalSection(SolutionProperties) = preSolution
		HideSolutionNode = FALSE
	EndGlobalSection
	GlobalSection(NestedProjects) = preSolution
		{0B5F15CA-F67E-4DB1-98E6-25AE95260A40} = {0FDB86E0-DD99-4C2C-AE2C-0159F6966E79}
		{587B9E37-41F9-4491-9949-C116D069718D} = {0FDB86E0-DD99-4C2C-AE2C-0159F6966E79}
		{FCD575A4-F031-4735-9468-54DC3B7CCD84} = {0FDB86E0-DD99-4C2C-AE2C-0159F6966E79}
		{3E918533-1D2A-456A-A3EA-F18D39E3B72C} = {0FDB86E0-DD99-4C2C-AE2C-0159F6966E79}
		{B10E6211-39C0-49AC-951A-C619B61EF522} = {0FDB86E0-DD99-4C2C-AE2C-0159F6966E79}
		{9CEE802F-8DCB-49FD-8402-A04DD04F8627} = {0FDB86E0-DD99-4C2C-AE2C-0159F6966E79}
		{8437F3CE-32E7-4894-8DBE-2681DD401A48} = {7A4DC3E0-53B7-48EE-86D7-00A53AA45F69}
		{3EB410D8-C36C-443A-BAB9-09253BE369BF} = {7A4DC3E0-53B7-48EE-86D7-00A53AA45F69}
		{DFCB8453-569E-416A-BB7A-6B49CBB3012A} = {7A4DC3E0-53B7-48EE-86D7-00A53AA45F69}
		{D9EE17D2-7DB9-40FD-B6B5-29D999912F47} = {7A4DC3E0-53B7-48EE-86D7-00A53AA45F69}
	EndGlobalSection
EndGlobal
